
Microsoft Visual Studio Solution File, Format Version 12.00
# Visual Studio 15
VisualStudioVersion = 15.0.27004.2002
MinimumVisualStudioVersion = 10.0.40219.1
Project("{FAE04EC0-301F-11D3-BF4B-00C04F79EFBC}") = "Infrastructure", "Infrastructure\Infrastructure.csproj", "{D5BA58FD-9B8A-4FC1-BC6A-8FAFC522EAEB}"
EndProject
Project("{FAE04EC0-301F-11D3-BF4B-00C04F79EFBC}") = "InfrastructureTests", "InfrastructureTests\InfrastructureTests.csproj", "{A75CDE58-2750-4541-B7E3-FEA7ADE42CBC}"
EndProject
Project("{FAE04EC0-301F-11D3-BF4B-00C04F79EFBC}") = "DataStore", "DataStore\DataStore.csproj", "{FFF32CDF-AE21-45B6-A336-2F01FC3D78B8}"
EndProject
Project("{FAE04EC0-301F-11D3-BF4B-00C04F79EFBC}") = "Web_UI", "Web_UI\Web_UI.csproj", "{89591BA6-E02C-4BC4-B381-27B51C910D4F}"
EndProject
Global
	GlobalSection(SolutionConfigurationPlatforms) = preSolution
		Debug|Any CPU = Debug|Any CPU
		Release|Any CPU = Release|Any CPU
	EndGlobalSection
	GlobalSection(ProjectConfigurationPlatforms) = postSolution
		{D5BA58FD-9B8A-4FC1-BC6A-8FAFC522EAEB}.Debug|Any CPU.ActiveCfg = Debug|Any CPU
		{D5BA58FD-9B8A-4FC1-BC6A-8FAFC522EAEB}.Debug|Any CPU.Build.0 = Debug|Any CPU
		{D5BA58FD-9B8A-4FC1-BC6A-8FAFC522EAEB}.Release|Any CPU.ActiveCfg = Release|Any CPU
		{D5BA58FD-9B8A-4FC1-BC6A-8FAFC522EAEB}.Release|Any CPU.Build.0 = Release|Any CPU
		{A75CDE58-2750-4541-B7E3-FEA7ADE42CBC}.Debug|Any CPU.ActiveCfg = Debug|Any CPU
		{A75CDE58-2750-4541-B7E3-FEA7ADE42CBC}.Debug|Any CPU.Build.0 = Debug|Any CPU
		{A75CDE58-2750-4541-B7E3-FEA7ADE42CBC}.Release|Any CPU.ActiveCfg = Release|Any CPU
		{A75CDE58-2750-4541-B7E3-FEA7ADE42CBC}.Release|Any CPU.Build.0 = Release|Any CPU
		{FFF32CDF-AE21-45B6-A336-2F01FC3D78B8}.Debug|Any CPU.ActiveCfg = Debug|Any CPU
		{FFF32CDF-AE21-45B6-A336-2F01FC3D78B8}.Debug|Any CPU.Build.0 = Debug|Any CPU
		{FFF32CDF-AE21-45B6-A336-2F01FC3D78B8}.Release|Any CPU.ActiveCfg = Release|Any CPU
		{FFF32CDF-AE21-45B6-A336-2F01FC3D78B8}.Release|Any CPU.Build.0 = Release|Any CPU
		{89591BA6-E02C-4BC4-B381-27B51C910D4F}.Debug|Any CPU.ActiveCfg = Debug|Any CPU
		{89591BA6-E02C-4BC4-B381-27B51C910D4F}.Debug|Any CPU.Build.0 = Debug|Any CPU
		{89591BA6-E02C-4BC4-B381-27B51C910D4F}.Release|Any CPU.ActiveCfg = Release|Any CPU
		{89591BA6-E02C-4BC4-B381-27B51C910D4F}.Release|Any CPU.Build.0 = Release|Any CPU
	EndGlobalSection
	GlobalSection(SolutionProperties) = preSolution
		HideSolutionNode = FALSE
	EndGlobalSection
	GlobalSection(ExtensibilityGlobals) = postSolution
		SolutionGuid = {0BE0CE66-A7C8-447E-AB4F-9E4D03EC994A}
	EndGlobalSection
EndGlobal
